
Microsoft Visual Studio Solution File, Format Version 12.00
# Visual Studio Version 17
VisualStudioVersion = 17.9.34902.65
MinimumVisualStudioVersion = 10.0.40219.1
Project("{FAE04EC0-301F-11D3-BF4B-00C04F79EFBC}") = "QuanLyKhachSan22", "QuanLyKhachSan22\QuanLyKhachSan22.csproj", "{19B89541-9931-464B-8B62-22B793515C6E}"
EndProject
Global
	GlobalSection(SolutionConfigurationPlatforms) = preSolution
		Debug|Any CPU = Debug|Any CPU
		Release|Any CPU = Release|Any CPU
	EndGlobalSection
	GlobalSection(ProjectConfigurationPlatforms) = postSolution
		{19B89541-9931-464B-8B62-22B793515C6E}.Debug|Any CPU.ActiveCfg = Debug|Any CPU
		{19B89541-9931-464B-8B62-22B793515C6E}.Debug|Any CPU.Build.0 = Debug|Any CPU
		{19B89541-9931-464B-8B62-22B793515C6E}.Release|Any CPU.ActiveCfg = Release|Any CPU
		{19B89541-9931-464B-8B62-22B793515C6E}.Release|Any CPU.Build.0 = Release|Any CPU
	EndGlobalSection
	GlobalSection(SolutionProperties) = preSolution
		HideSolutionNode = FALSE
	EndGlobalSection
	GlobalSection(ExtensibilityGlobals) = postSolution
		SolutionGuid = {806AB6D0-8B28-4292-8210-54F3F4AC7578}
	EndGlobalSection
EndGlobal
